github.com/AndreasBriese/bbloom v0.0.0-20190306092124-e2d15f34fcf9 h1:HD8gA2tkByhMAwYaFAX9w2l7vxvBQ5NMoxDrkhqhtn4=
github.com/AndreasBriese/bbloom v0.0.0-20190306092124-e2d15f34fcf9/go.mod h1:bOvUY6CB00SOBii9/FifXqc0awNKxLFCL/+pkDPuyl8=
github.com/OneOfOne/xxhash v1.2.5 h1:zl/OfRA6nftbBK9qTohYBJ5xvw6C/oNKizR7cZGl3cI=
github.com/OneOfOne/xxhash v1.2.5/go.mod h1:eZbhyaAYD41SGSSsnmcpxVoRiQ/MPUTjUdIIOT9Um7Q=
github.com/biogo/biogo v1.0.1 h1:YMt+PDS1RmpuUKnWnFFBptrWZhsyNkArj56wJNwiorA=
github.com/biogo/biogo v1.0.1/go.mod h1:oG8zvP+x6pAMoy3dpnB5fYj75srkM9vjzqp22r3vYbA=
github.com/davecgh/go-spew v1.1.1 h1:vj9j/u1bqnvCEfJOwUhtlOARqs3+rkHYY13jYWTU97c=
github.com/davecgh/go-spew v1.1.1/go.mod h1:J7Y8YcW2NihsgmVo/mv3lAwl/skON4iLHjSsI+c5H38=
github.com/dgraph-io/badger v2.0.0-rc.2.0.20190610165348-a804ffa35fb9+incompatible h1:FE+hrPTLWIHxQzGTbjReHgpkj7+hFWC+L6b2fAxBG+I=
github.com/dgraph-io/badger v2.0.0-rc.2.0.20190610165348-a804ffa35fb9+incompatible/go.mod h1:VZxzAIRPHRVNRKRo6AXrX9BJegn6il06VMTZVJYCIjQ=
github.com/dgryski/go-farm v0.0.0-20190104051053-3adb47b1fb0f h1:dDxpBYafY/GYpcl+LS4Bn3ziLPuEdGRkRjYAbSlWxSA=
github.com/dgryski/go-farm v0.0.0-20190104051053-3adb47b1fb0f/go.mod h1:SqUrOPUnsFjfmXRMNPybcSiG0BgUW2AuFH8PAnS2iTw=
github.com/dustin/go-humanize v1.0.0 h1:VSnTsYCnlFHaM2/igO1h6X3HA71jcobQuxemgkq4zYo=
github.com/dustin/go-humanize v1.0.0/go.mod h1:HtrtbFcZ19U5GC7JDqmcUSB87Iq5E25KnS6fMYU6eOk=
github.com/go-chi/chi v4.0.2+incompatible h1:maB6vn6FqCxrpz4FqWdh4+lwpyZIQS7YEAUcHlgXVRs=
github.com/go-chi/chi v4.0.2+incompatible/go.mod h1:eB3wogJHnLi3x/kFX2A+IbTBlXxmMeXJVKy9tTv1XzQ=
github.com/golang/protobuf v1.3.1 h1:YF8+flBXS5eO826T4nzqPrxfhQThhXl0YzfuUPu4SBg=
github.com/golang/protobuf v1.3.1/go.mod h1:6lQm79b+lXiMfvg/cZm0SGofjICqVBUtrP5yJMmIC1U=
github.com/jlaffaye/ftp v0.0.0-20190427163646-6a014d5e22e6 h1:L8GOc4DyMAj4NyTq5He3pY/tfgLWcgwGXGnan5RWf1A=
github.com/jlaffaye/ftp v0.0.0-20190427163646-6a014d5e22e6/go.mod h1:lli8NYPQOFy3O++YmYbqVgOcQ1JPCwdOy+5zSjKJ9qY=
github.com/klauspost/compress v1.4.1 h1:8VMb5+0wMgdBykOV96DwNwKFQ+WTI4pzYURP99CcB9E=
github.com/klauspost/compress v1.4.1/go.mod h1:RyIbtBH6LamlWaDj8nUwkbUhJ87Yi3uG0guNDohfE1A=
github.com/klauspost/cpuid v1.2.0 h1:NMpwD2G9JSFOE1/TJjGSo5zG7Yb2bTe7eq1jH+irmeE=
github.com/klauspost/cpuid v1.2.0/go.mod h1:Pj4uuM528wm8OyEC2QMXAi2YiTZ96dNQPGgoMS4s3ek=
github.com/klauspost/pgzip v1.2.1 h1:oIPZROsWuPHpOdMVWLuJZXwgjhrW8r1yEX8UqMyeNHM=
github.com/klauspost/pgzip v1.2.1/go.mod h1:Ch1tH69qFZu15pkjo5kYi6mth2Zzwzt50oCQKQE9RUs=
github.com/pkg/errors v0.8.1 h1:iURUrRGxPUNPdy5/HRSm+Yj6okJ6UtLINN0Q9M4+h3I=
github.com/pkg/errors v0.8.1/go.mod h1:bwawxfHBFNV+L2hUp1rHADufV3IMtnDRdf1r5NINEl0=
github.com/pmezard/go-difflib v1.0.0 h1:4DBwDE0NGyQoBHbLQYPwSUPoCMWR5BEzIk/f1lZbAQM=
github.com/pmezard/go-difflib v1.0.0/go.mod h1:iKH77koFhYxTK1pcRnkKkqfTogsbg7gZNVY4sRDYZ/4=
github.com/rs/xid v1.2.1 h1:mhH9Nq+C1fY2l1XIpgxIiUOfNpRBYH1kKcr+qfKgjRc=
github.com/rs/xid v1.2.1/go.mod h1:+uKXf+4Djp6Md1KODXJxgGQPKngRmWyn10oCKFzNHOQ=
github.com/stretchr/testify v1.2.2 h1:bSDNvY7ZPG5RlJ8otE/7V6gMiyenm9RtJ7IUVIAoJ1w=
github.com/stretchr/testify v1.2.2/go.mod h1:a8OnRcib4nhh0OaRAV+Yts87kKdq0PP7pXfy6kDkUVs=
github.com/zorino/counters v0.0.0-20190409141417-6ea0e007435b h1:vq7j6sYL/yF0/Wo7BEcS/jPIThiaNM17+mnSJ1HAVew=
github.com/zorino/counters v0.0.0-20190409141417-6ea0e007435b/go.mod h1:Is/osQyCWxUcU2cD5tpTa/F+ivX09UZb6HrVzEnVq40=
golang.org/x/crypto v0.0.0-20190308221718-c2843e01d9a2 h1:VklqNMn3ovrHsnt90PveolxSbWFaJdECFbxSq0Mqo2M=
golang.org/x/crypto v0.0.0-20190308221718-c2843e01d9a2/go.mod h1:djNgcEr1/C05ACkg1iLfiJU5Ep61QUkGW8qpdssI0+w=
golang.org/x/net v0.0.0-20190628185345-da137c7871d7 h1:rTIdg5QFRR7XCaK4LCjBiPbx8j4DQRpdYMnGn/bJUEU=
golang.org/x/net v0.0.0-20190628185345-da137c7871d7/go.mod h1:z5CRVTTTmAJ677TzLLGU+0bjPO0LkuOLi4/5GtJWs/s=
golang.org/x/sys v0.0.0-20190215142949-d0b11bdaac8a/go.mod h1:STP8DvDyc/dI5b8T5hshtkjS+E42TnysNCUPdjciGhY=
golang.org/x/sys v0.0.0-20190710143415-6ec70d6a5542 h1:6ZQFf1D2YYDDI7eSwW8adlkkavTB9sw5I24FVtEvNUQ=
golang.org/x/sys v0.0.0-20190710143415-6ec70d6a5542/go.mod h1:h1NjWce9XRLGQEsW7wpKNCjG9DtNlClVuFLEZdDNbEs=
golang.org/x/text v0.3.0/go.mod h1:NqM8EUOU14njkJ3fqMW+pc6Ldnwhi/IjpwHt7yyuwOQ=
gopkg.in/check.v1 v0.0.0-20161208181325-20d25e280405 h1:yhCVgyC4o1eVCa2tZl7eS0r+SDo693bJlVdllGtEeKM=
gopkg.in/check.v1 v0.0.0-20161208181325-20d25e280405/go.mod h1:Co6ibVJAznAaIkqp8huTwlJQCZ016jof/cbN4VW5Yz0=
